
Microsoft Visual Studio Solution File, Format Version 12.00
# Visual Studio Version 17
VisualStudioVersion = 17.10.35013.160
MinimumVisualStudioVersion = 10.0.40219.1
Project("{FAE04EC0-301F-11D3-BF4B-00C04F79EFBC}") = "INDWalks.API", "INDWalks.API\INDWalks.API.csproj", "{91DEC5DE-D18D-4CF7-A88B-ED4C72E26C6A}"
EndProject
Global
	GlobalSection(SolutionConfigurationPlatforms) = preSolution
		Debug|Any CPU = Debug|Any CPU
		Release|Any CPU = Release|Any CPU
	EndGlobalSection
	GlobalSection(ProjectConfigurationPlatforms) = postSolution
		{91DEC5DE-D18D-4CF7-A88B-ED4C72E26C6A}.Debug|Any CPU.ActiveCfg = Debug|Any CPU
		{91DEC5DE-D18D-4CF7-A88B-ED4C72E26C6A}.Debug|Any CPU.Build.0 = Debug|Any CPU
		{91DEC5DE-D18D-4CF7-A88B-ED4C72E26C6A}.Release|Any CPU.ActiveCfg = Release|Any CPU
		{91DEC5DE-D18D-4CF7-A88B-ED4C72E26C6A}.Release|Any CPU.Build.0 = Release|Any CPU
	EndGlobalSection
	GlobalSection(SolutionProperties) = preSolution
		HideSolutionNode = FALSE
	EndGlobalSection
	GlobalSection(ExtensibilityGlobals) = postSolution
		SolutionGuid = {B9032A3A-82B2-4468-B758-4CB22E4484A5}
	EndGlobalSection
EndGlobal
